
Microsoft Visual Studio Solution File, Format Version 12.00
# Visual Studio 2013
VisualStudioVersion = 12.0.21005.1
MinimumVisualStudioVersion = 10.0.40219.1
Project("{FAE04EC0-301F-11D3-BF4B-00C04F79EFBC}") = "lab 2.8", "lab 2.8\lab 2.8.csproj", "{EEDC36A9-8597-4AE0-BA45-27968A9AB532}"
EndProject
Project("{FAE04EC0-301F-11D3-BF4B-00C04F79EFBC}") = "lab2.4", "..\lab2.4\lab2.4\lab2.4.csproj", "{1C75B995-2C4E-4B9D-955F-2C23362C9F97}"
EndProject
Global
	GlobalSection(SolutionConfigurationPlatforms) = preSolution
		Debug|Any CPU = Debug|Any CPU
		Release|Any CPU = Release|Any CPU
	EndGlobalSection
	GlobalSection(ProjectConfigurationPlatforms) = postSolution
		{EEDC36A9-8597-4AE0-BA45-27968A9AB532}.Debug|Any CPU.ActiveCfg = Debug|Any CPU
		{EEDC36A9-8597-4AE0-BA45-27968A9AB532}.Debug|Any CPU.Build.0 = Debug|Any CPU
		{EEDC36A9-8597-4AE0-BA45-27968A9AB532}.Release|Any CPU.ActiveCfg = Release|Any CPU
		{EEDC36A9-8597-4AE0-BA45-27968A9AB532}.Release|Any CPU.Build.0 = Release|Any CPU
		{1C75B995-2C4E-4B9D-955F-2C23362C9F97}.Debug|Any CPU.ActiveCfg = Debug|Any CPU
		{1C75B995-2C4E-4B9D-955F-2C23362C9F97}.Debug|Any CPU.Build.0 = Debug|Any CPU
		{1C75B995-2C4E-4B9D-955F-2C23362C9F97}.Release|Any CPU.ActiveCfg = Release|Any CPU
		{1C75B995-2C4E-4B9D-955F-2C23362C9F97}.Release|Any CPU.Build.0 = Release|Any CPU
	EndGlobalSection
	GlobalSection(SolutionProperties) = preSolution
		HideSolutionNode = FALSE
	EndGlobalSection
EndGlobal
